
Microsoft Visual Studio Solution File, Format Version 12.00
# Visual Studio 15
VisualStudioVersion = 15.0.28307.1209
MinimumVisualStudioVersion = 10.0.40219.1
Project("{888888A0-9F3D-457C-B088-3A5042F75D52}") = "Minecraft", "Minecraft.pyproj", "{88A1D7E9-E88D-43FB-A05C-B8B8C4EAECFC}"
EndProject
Global
	GlobalSection(SolutionConfigurationPlatforms) = preSolution
		Debug|Any CPU = Debug|Any CPU
		Release|Any CPU = Release|Any CPU
	EndGlobalSection
	GlobalSection(ProjectConfigurationPlatforms) = postSolution
		{88A1D7E9-E88D-43FB-A05C-B8B8C4EAECFC}.Debug|Any CPU.ActiveCfg = Debug|Any CPU
		{88A1D7E9-E88D-43FB-A05C-B8B8C4EAECFC}.Release|Any CPU.ActiveCfg = Release|Any CPU
	EndGlobalSection
	GlobalSection(SolutionProperties) = preSolution
		HideSolutionNode = FALSE
	EndGlobalSection
	GlobalSection(ExtensibilityGlobals) = postSolution
		SolutionGuid = {66FA674E-F47C-4FEB-95CA-EE98896313B6}
	EndGlobalSection
EndGlobal
